
Microsoft Visual Studio Solution File, Format Version 12.00
# Visual Studio 14
VisualStudioVersion = 14.0.25420.1
MinimumVisualStudioVersion = 10.0.40219.1
Project("{FAE04EC0-301F-11D3-BF4B-00C04F79EFBC}") = "Cards", "Card.cs\Cards.csproj", "{94091D7A-5601-4D62-A646-CE9EC25DD629}"
EndProject
Project("{FAE04EC0-301F-11D3-BF4B-00C04F79EFBC}") = "TestPokerProject", "TestPokerProject\TestPokerProject.csproj", "{2CE722A9-1106-4949-85C8-61021353BFE2}"
EndProject
Project("{FAE04EC0-301F-11D3-BF4B-00C04F79EFBC}") = "Pack", "Pack\Pack.csproj", "{65B7456E-24E3-4934-B69D-38C7C4DB9B80}"
EndProject
Project("{FAE04EC0-301F-11D3-BF4B-00C04F79EFBC}") = "CardPlayer", "CardPlayer\CardPlayer.csproj", "{17EBB080-98C2-44D5-8DCC-55EE8A21C2E0}"
EndProject
Project("{FAE04EC0-301F-11D3-BF4B-00C04F79EFBC}") = "CardDealer", "CardDealer\CardDealer.csproj", "{151DBDEE-C22B-4392-918A-03418DDDC06B}"
EndProject
Project("{FAE04EC0-301F-11D3-BF4B-00C04F79EFBC}") = "PokerRoles", "PokerRoles\PokerRoles.csproj", "{70C6DEED-6488-426E-9D73-F0C905AAC9AD}"
EndProject
Global
	GlobalSection(SolutionConfigurationPlatforms) = preSolution
		Debug|Any CPU = Debug|Any CPU
		Release|Any CPU = Release|Any CPU
	EndGlobalSection
	GlobalSection(ProjectConfigurationPlatforms) = postSolution
		{94091D7A-5601-4D62-A646-CE9EC25DD629}.Debug|Any CPU.ActiveCfg = Debug|Any CPU
		{94091D7A-5601-4D62-A646-CE9EC25DD629}.Debug|Any CPU.Build.0 = Debug|Any CPU
		{94091D7A-5601-4D62-A646-CE9EC25DD629}.Release|Any CPU.ActiveCfg = Release|Any CPU
		{94091D7A-5601-4D62-A646-CE9EC25DD629}.Release|Any CPU.Build.0 = Release|Any CPU
		{2CE722A9-1106-4949-85C8-61021353BFE2}.Debug|Any CPU.ActiveCfg = Debug|Any CPU
		{2CE722A9-1106-4949-85C8-61021353BFE2}.Debug|Any CPU.Build.0 = Debug|Any CPU
		{2CE722A9-1106-4949-85C8-61021353BFE2}.Release|Any CPU.ActiveCfg = Release|Any CPU
		{2CE722A9-1106-4949-85C8-61021353BFE2}.Release|Any CPU.Build.0 = Release|Any CPU
		{65B7456E-24E3-4934-B69D-38C7C4DB9B80}.Debug|Any CPU.ActiveCfg = Debug|Any CPU
		{65B7456E-24E3-4934-B69D-38C7C4DB9B80}.Debug|Any CPU.Build.0 = Debug|Any CPU
		{65B7456E-24E3-4934-B69D-38C7C4DB9B80}.Release|Any CPU.ActiveCfg = Release|Any CPU
		{65B7456E-24E3-4934-B69D-38C7C4DB9B80}.Release|Any CPU.Build.0 = Release|Any CPU
		{17EBB080-98C2-44D5-8DCC-55EE8A21C2E0}.Debug|Any CPU.ActiveCfg = Debug|Any CPU
		{17EBB080-98C2-44D5-8DCC-55EE8A21C2E0}.Debug|Any CPU.Build.0 = Debug|Any CPU
		{17EBB080-98C2-44D5-8DCC-55EE8A21C2E0}.Release|Any CPU.ActiveCfg = Release|Any CPU
		{17EBB080-98C2-44D5-8DCC-55EE8A21C2E0}.Release|Any CPU.Build.0 = Release|Any CPU
		{151DBDEE-C22B-4392-918A-03418DDDC06B}.Debug|Any CPU.ActiveCfg = Debug|Any CPU
		{151DBDEE-C22B-4392-918A-03418DDDC06B}.Debug|Any CPU.Build.0 = Debug|Any CPU
		{151DBDEE-C22B-4392-918A-03418DDDC06B}.Release|Any CPU.ActiveCfg = Release|Any CPU
		{151DBDEE-C22B-4392-918A-03418DDDC06B}.Release|Any CPU.Build.0 = Release|Any CPU
		{70C6DEED-6488-426E-9D73-F0C905AAC9AD}.Debug|Any CPU.ActiveCfg = Debug|Any CPU
		{70C6DEED-6488-426E-9D73-F0C905AAC9AD}.Debug|Any CPU.Build.0 = Debug|Any CPU
		{70C6DEED-6488-426E-9D73-F0C905AAC9AD}.Release|Any CPU.ActiveCfg = Release|Any CPU
		{70C6DEED-6488-426E-9D73-F0C905AAC9AD}.Release|Any CPU.Build.0 = Release|Any CPU
	EndGlobalSection
	GlobalSection(SolutionProperties) = preSolution
		HideSolutionNode = FALSE
	EndGlobalSection
EndGlobal
